{
  "name": "application-server",
  "version": "0.1.0",
  "lockfileVersion": 3,
  "requires": true,
  "packages": {
    "": {
      "name": "application-server",
      "version": "0.1.0",
      "license": "MIT",
      "dependencies": {
        "@brtmvdl/backend": "^1.0.12",
        "@brtmvdl/logger": "^0.2.5"
      }
    },
    "node_modules/@brtmvdl/backend": {
      "version": "1.0.12",
      "resolved": "https://registry.npmjs.org/@brtmvdl/backend/-/backend-1.0.12.tgz",
      "integrity": "sha512-P/86pqgcF+vI+EEpC2cjZT3Ijtja9H2sfbP8f4ix/+OC3XTw+uJBcO4cy0LcxjKo34ONyAqUZkqJ0ikJG5508g==",
      "bin": {
        "backend": "bin/index.js"
      },
      "funding": {
        "url": "https://link.mercadopago.com.br/brtmvdl"
      }
    },
    "node_modules/@brtmvdl/logger": {
      "version": "0.2.5",
      "resolved": "https://registry.npmjs.org/@brtmvdl/logger/-/logger-0.2.5.tgz",
      "integrity": "sha512-mE5D+SkG6Efha18+WQ+Y6EjuZK8s8/VbDBoquv06NrbA5qQKAgFSFJV3W4etKbUAF11/zxvlat3tjLVAvxNK9Q==",
      "funding": {
        "url": "https://link.mercadopago.com.br/brtmvdl"
      }
    }
  }
}
