{
  "name": "application-server",
  "version": "0.1.0",
  "lockfileVersion": 3,
  "requires": true,
  "packages": {
    "": {
      "name": "application-server",
      "version": "0.1.0",
      "license": "MIT",
      "dependencies": {
        "@brtmvdl/backend": "^1.0.11",
        "@brtmvdl/logger": "^0.2.4"
      }
    },
    "node_modules/@brtmvdl/backend": {
      "version": "1.0.11",
      "resolved": "https://registry.npmjs.org/@brtmvdl/backend/-/backend-1.0.11.tgz",
      "integrity": "sha512-MTmrg+Lh2W4X16Eoij13vqbV8LIOmYh0WlfKMj2aYO/oo4QY8YOXA888tUwXeqaqCHCfdXZTjCYw9uIGNRFz/Q==",
      "bin": {
        "backend": "bin/index.js"
      },
      "funding": {
        "url": "https://link.mercadopago.com.br/brtmvdl"
      }
    },
    "node_modules/@brtmvdl/logger": {
      "version": "0.2.4",
      "resolved": "https://registry.npmjs.org/@brtmvdl/logger/-/logger-0.2.4.tgz",
      "integrity": "sha512-7yNWNCoIblCD2ECaEmMPLJ6wLTTR23JulU4IuCczftoK76D+GWsbZDH2sPD1vAlxlnhSv1vZemSjK05EZ/P//w==",
      "funding": {
        "url": "https://link.mercadopago.com.br/brtmvdl"
      }
    }
  }
}
